
Microsoft Visual Studio Solution File, Format Version 12.00
# Visual Studio Version 17
VisualStudioVersion = 17.9.34622.214
MinimumVisualStudioVersion = 10.0.40219.1
Project("{FAE04EC0-301F-11D3-BF4B-00C04F79EFBC}") = "edu.PR.Ejercicio8.1903", "edu.PR.Ejercicio8.1903.csproj", "{4019C589-596A-4436-B18F-A1E5DCC1848D}"
EndProject
Global
	GlobalSection(SolutionConfigurationPlatforms) = preSolution
		Debug|Any CPU = Debug|Any CPU
		Release|Any CPU = Release|Any CPU
	EndGlobalSection
	GlobalSection(ProjectConfigurationPlatforms) = postSolution
		{4019C589-596A-4436-B18F-A1E5DCC1848D}.Debug|Any CPU.ActiveCfg = Debug|Any CPU
		{4019C589-596A-4436-B18F-A1E5DCC1848D}.Debug|Any CPU.Build.0 = Debug|Any CPU
		{4019C589-596A-4436-B18F-A1E5DCC1848D}.Release|Any CPU.ActiveCfg = Release|Any CPU
		{4019C589-596A-4436-B18F-A1E5DCC1848D}.Release|Any CPU.Build.0 = Release|Any CPU
	EndGlobalSection
	GlobalSection(SolutionProperties) = preSolution
		HideSolutionNode = FALSE
	EndGlobalSection
	GlobalSection(ExtensibilityGlobals) = postSolution
		SolutionGuid = {4AC35C8A-6795-43CE-BD7A-ACA48BF766D5}
	EndGlobalSection
EndGlobal
